{
  "name": "graasp-file-item",
  "version": "0.1.0",
  "lockfileVersion": 2,
  "requires": true,
  "packages": {
    "": {
      "version": "0.1.0",
      "license": "MIT",
      "dependencies": {
        "fastify-multipart": "^4.0.0"
      },
      "devDependencies": {
        "@types/graasp": "git://github.com/graasp/graasp-types.git#master",
        "fastify": "^3.0.0"
      },
      "engines": {
        "node": ">=14.0.0"
      }
    },
    "node_modules/@types/graasp": {
      "resolved": "git+ssh://git@github.com/graasp/graasp-types.git#ff80e14c94c910935dc43f9e74d57757e656458b",
      "dev": true
    },
    "node_modules/abstract-logging": {
      "version": "2.0.1",
      "resolved": "https://registry.npmjs.org/abstract-logging/-/abstract-logging-2.0.1.tgz",
      "integrity": "sha1-aww3HfIS23EptX0uf88oK4vxyDk=",
      "dev": true
    },
    "node_modules/ajv": {
      "version": "6.12.6",
      "resolved": "https://registry.npmjs.org/ajv/-/ajv-6.12.6.tgz",
      "integrity": "sha1-uvWmLoArB9l3A0WG+MO69a3ybfQ=",
      "dev": true,
      "dependencies": {
        "fast-deep-equal": "^3.1.1",
        "fast-json-stable-stringify": "^2.0.0",
        "json-schema-traverse": "^0.4.1",
        "uri-js": "^4.2.2"
      }
    },
    "node_modules/archy": {
      "version": "1.0.0",
      "resolved": "https://registry.npmjs.org/archy/-/archy-1.0.0.tgz",
      "integrity": "sha1-+cjBN1fMHde8N5rHeyxipcKGjEA=",
      "dev": true
    },
    "node_modules/atomic-sleep": {
      "version": "1.0.0",
      "resolved": "https://registry.npmjs.org/atomic-sleep/-/atomic-sleep-1.0.0.tgz",
      "integrity": "sha1-64W3emAfyTLP5DLFrNNkqeLJB1s=",
      "dev": true,
      "engines": {
        "node": ">=8.0.0"
      }
    },
    "node_modules/avvio": {
      "version": "7.2.0",
      "resolved": "https://registry.npmjs.org/avvio/-/avvio-7.2.0.tgz",
      "integrity": "sha1-tL9Or0oCB6TmpYp4WSByUHk8yBs=",
      "dev": true,
      "dependencies": {
        "archy": "^1.0.0",
        "debug": "^4.0.0",
        "fastq": "^1.6.1",
        "queue-microtask": "^1.1.2"
      }
    },
    "node_modules/busboy": {
      "version": "0.3.1",
      "resolved": "https://registry.npmjs.org/busboy/-/busboy-0.3.1.tgz",
      "integrity": "sha512-y7tTxhGKXcyBxRKAni+awqx8uqaJKrSFSNFSeRG5CsWNdmy2BIK+6VGWEW7TZnIO/533mtMEA4rOevQV815YJw==",
      "dependencies": {
        "dicer": "0.3.0"
      },
      "engines": {
        "node": ">=4.5.0"
      }
    },
    "node_modules/cookie": {
      "version": "0.4.1",
      "resolved": "https://registry.npmjs.org/cookie/-/cookie-0.4.1.tgz",
      "integrity": "sha1-r9cT/ibr0hupXOth+agRblClN9E=",
      "dev": true,
      "engines": {
        "node": ">= 0.6"
      }
    },
    "node_modules/debug": {
      "version": "4.3.1",
      "resolved": "https://registry.npmjs.org/debug/-/debug-4.3.1.tgz",
      "integrity": "sha1-8NIpxQXgxtjEmsVT0bE9wYP2su4=",
      "dev": true,
      "dependencies": {
        "ms": "2.1.2"
      },
      "engines": {
        "node": ">=6.0"
      }
    },
    "node_modules/deepmerge": {
      "version": "4.2.2",
      "resolved": "https://registry.npmjs.org/deepmerge/-/deepmerge-4.2.2.tgz",
      "integrity": "sha1-RNLqNnm49NT/ujPwPYZfwee/SVU=",
      "engines": {
        "node": ">=0.10.0"
      }
    },
    "node_modules/dicer": {
      "version": "0.3.0",
      "resolved": "https://registry.npmjs.org/dicer/-/dicer-0.3.0.tgz",
      "integrity": "sha512-MdceRRWqltEG2dZqO769g27N/3PXfcKl04VhYnBlo2YhH7zPi88VebsjTKclaOyiuMaGU72hTfw3VkUitGcVCA==",
      "dependencies": {
        "streamsearch": "0.1.2"
      },
      "engines": {
        "node": ">=4.5.0"
      }
    },
    "node_modules/end-of-stream": {
      "version": "1.4.4",
      "resolved": "https://registry.npmjs.org/end-of-stream/-/end-of-stream-1.4.4.tgz",
      "integrity": "sha512-+uw1inIHVPQoaVuHzRyXd21icM+cnt4CzD5rW+NC1wjOUSTOs+Te7FOv7AhN7vS9x/oIyhLP5PR1H+phQAHu5Q==",
      "dependencies": {
        "once": "^1.4.0"
      }
    },
    "node_modules/fast-decode-uri-component": {
      "version": "1.0.1",
      "resolved": "https://registry.npmjs.org/fast-decode-uri-component/-/fast-decode-uri-component-1.0.1.tgz",
      "integrity": "sha1-Rvi2wisw/3qBNX1PWav66TggJUM=",
      "dev": true
    },
    "node_modules/fast-deep-equal": {
      "version": "3.1.3",
      "resolved": "https://registry.npmjs.org/fast-deep-equal/-/fast-deep-equal-3.1.3.tgz",
      "integrity": "sha1-On1WtVnWy8PrUSMlJE5hmmXGxSU=",
      "dev": true
    },
    "node_modules/fast-json-stable-stringify": {
      "version": "2.1.0",
      "resolved": "https://registry.npmjs.org/fast-json-stable-stringify/-/fast-json-stable-stringify-2.1.0.tgz",
      "integrity": "sha1-h0v2nG9ATCtdmcSBNBOZ/VWJJjM=",
      "dev": true
    },
    "node_modules/fast-json-stringify": {
      "version": "2.2.10",
      "resolved": "https://registry.npmjs.org/fast-json-stringify/-/fast-json-stringify-2.2.10.tgz",
      "integrity": "sha1-upzpIKeuAK1m80cPE9VvvSKRmgI=",
      "dev": true,
      "dependencies": {
        "ajv": "^6.11.0",
        "deepmerge": "^4.2.2",
        "string-similarity": "^4.0.1"
      },
      "engines": {
        "node": ">= 10.0.0"
      }
    },
    "node_modules/fast-redact": {
      "version": "3.0.0",
      "resolved": "https://registry.npmjs.org/fast-redact/-/fast-redact-3.0.0.tgz",
      "integrity": "sha1-rC+eNsn0l29dufsYxv+68wjPMW0=",
      "dev": true,
      "engines": {
        "node": ">=6"
      }
    },
    "node_modules/fast-safe-stringify": {
      "version": "2.0.7",
      "resolved": "https://registry.npmjs.org/fast-safe-stringify/-/fast-safe-stringify-2.0.7.tgz",
      "integrity": "sha1-EkqohYmSYfaK7bQqfAgN6dpgh0M=",
      "dev": true
    },
    "node_modules/fastify": {
      "version": "3.8.0",
      "resolved": "https://registry.npmjs.org/fastify/-/fastify-3.8.0.tgz",
      "integrity": "sha1-RVv6cDlDIiRwUMMw0OUlMrNJZi0=",
      "dev": true,
      "dependencies": {
        "abstract-logging": "^2.0.0",
        "ajv": "^6.12.2",
        "avvio": "^7.1.2",
        "fast-json-stringify": "^2.2.1",
        "fastify-error": "^0.2.0",
        "fastify-warning": "^0.2.0",
        "find-my-way": "^3.0.5",
        "flatstr": "^1.0.12",
        "light-my-request": "^4.2.0",
        "pino": "^6.2.1",
        "proxy-addr": "^2.0.5",
        "readable-stream": "^3.4.0",
        "rfdc": "^1.1.4",
        "secure-json-parse": "^2.0.0",
        "semver": "^7.3.2",
        "tiny-lru": "^7.0.0"
      },
      "engines": {
        "node": ">=10.16.0"
      }
    },
    "node_modules/fastify-error": {
      "version": "0.2.0",
      "resolved": "https://registry.npmjs.org/fastify-error/-/fastify-error-0.2.0.tgz",
      "integrity": "sha1-mhwo1PQrYlnnpUlnHI5eLYVmBjQ=",
      "dev": true
    },
    "node_modules/fastify-multipart": {
      "version": "4.0.0",
      "resolved": "https://registry.npmjs.org/fastify-multipart/-/fastify-multipart-4.0.0.tgz",
      "integrity": "sha512-i2GFbKWjLCaQxpMZHweslF6ma8VTwgdmii87VexYi0Fxass0CPFKIs+z7wp0zVIdTMv0F5EFNQnimyzXcPcHcg==",
      "dependencies": {
        "busboy": "^0.3.1",
        "deepmerge": "^4.2.2",
        "end-of-stream": "^1.4.4",
        "fastify-error": "^0.3.0",
        "fastify-plugin": "^3.0.0",
        "hexoid": "^1.0.0",
        "stream-wormhole": "^1.1.0"
      }
    },
    "node_modules/fastify-multipart/node_modules/fastify-error": {
      "version": "0.3.0",
      "resolved": "https://registry.npmjs.org/fastify-error/-/fastify-error-0.3.0.tgz",
      "integrity": "sha512-Jm2LMTB5rsJqlS1+cmgqqM9tTs0UrlgYR7TvDT3ZgXsUI5ib1NjQlqZHf+tDK5tVPdFGwyq02wAoJtyYIRSiFA=="
    },
    "node_modules/fastify-plugin": {
      "version": "3.0.0",
      "resolved": "https://registry.npmjs.org/fastify-plugin/-/fastify-plugin-3.0.0.tgz",
      "integrity": "sha512-ZdCvKEEd92DNLps5n0v231Bha8bkz1DjnPP/aEz37rz/q42Z5JVLmgnqR4DYuNn3NXAO3IDCPyRvgvxtJ4Ym4w=="
    },
    "node_modules/fastify-warning": {
      "version": "0.2.0",
      "resolved": "https://registry.npmjs.org/fastify-warning/-/fastify-warning-0.2.0.tgz",
      "integrity": "sha1-5xd3YCakST3Jor76RNttF/YYAI8=",
      "dev": true
    },
    "node_modules/fastq": {
      "version": "1.9.0",
      "resolved": "https://registry.npmjs.org/fastq/-/fastq-1.9.0.tgz",
      "integrity": "sha1-4Wpy8zjqykjpG1wjWTvMLvZreUc=",
      "dev": true,
      "dependencies": {
        "reusify": "^1.0.4"
      }
    },
    "node_modules/find-my-way": {
      "version": "3.0.5",
      "resolved": "https://registry.npmjs.org/find-my-way/-/find-my-way-3.0.5.tgz",
      "integrity": "sha1-9xxe8bSGVAHhuXukKBIaj1VDnuw=",
      "dev": true,
      "dependencies": {
        "fast-decode-uri-component": "^1.0.1",
        "safe-regex2": "^2.0.0",
        "semver-store": "^0.3.0"
      },
      "engines": {
        "node": ">=10"
      }
    },
    "node_modules/flatstr": {
      "version": "1.0.12",
      "resolved": "https://registry.npmjs.org/flatstr/-/flatstr-1.0.12.tgz",
      "integrity": "sha1-wrpqCBc+27bJZA4wVbleKHzrWTE=",
      "dev": true
    },
    "node_modules/forwarded": {
      "version": "0.1.2",
      "resolved": "https://registry.npmjs.org/forwarded/-/forwarded-0.1.2.tgz",
      "integrity": "sha1-mMI9qxF1ZXuMBXPozszZGw/xjIQ=",
      "dev": true,
      "engines": {
        "node": ">= 0.6"
      }
    },
    "node_modules/hexoid": {
      "version": "1.0.0",
      "resolved": "https://registry.npmjs.org/hexoid/-/hexoid-1.0.0.tgz",
      "integrity": "sha512-QFLV0taWQOZtvIRIAdBChesmogZrtuXvVWsFHZTk2SU+anspqZ2vMnoLg7IE1+Uk16N19APic1BuF8bC8c2m5g==",
      "engines": {
        "node": ">=8"
      }
    },
    "node_modules/inherits": {
      "version": "2.0.4",
      "resolved": "https://registry.npmjs.org/inherits/-/inherits-2.0.4.tgz",
      "integrity": "sha1-D6LGT5MpF8NDOg3tVTY6rjdBa3w=",
      "dev": true
    },
    "node_modules/ipaddr.js": {
      "version": "1.9.1",
      "resolved": "https://registry.npmjs.org/ipaddr.js/-/ipaddr.js-1.9.1.tgz",
      "integrity": "sha1-v/OFQ+64mEglB5/zoqjmy9RngbM=",
      "dev": true,
      "engines": {
        "node": ">= 0.10"
      }
    },
    "node_modules/json-schema-traverse": {
      "version": "0.4.1",
      "resolved": "https://registry.npmjs.org/json-schema-traverse/-/json-schema-traverse-0.4.1.tgz",
      "integrity": "sha1-afaofZUTq4u4/mO9sJecRI5oRmA=",
      "dev": true
    },
    "node_modules/light-my-request": {
      "version": "4.3.0",
      "resolved": "https://registry.npmjs.org/light-my-request/-/light-my-request-4.3.0.tgz",
      "integrity": "sha1-AXjf5/KYCJ35dvjkzA4QmYvlCq0=",
      "dev": true,
      "dependencies": {
        "ajv": "^6.12.2",
        "cookie": "^0.4.0",
        "fastify-warning": "^0.2.0",
        "readable-stream": "^3.6.0",
        "set-cookie-parser": "^2.4.1"
      }
    },
    "node_modules/ms": {
      "version": "2.1.2",
      "resolved": "https://registry.npmjs.org/ms/-/ms-2.1.2.tgz",
      "integrity": "sha1-0J0fNXtEP0kzgqjrPM0YOHKuYAk=",
      "dev": true
    },
    "node_modules/once": {
      "version": "1.4.0",
      "resolved": "https://registry.npmjs.org/once/-/once-1.4.0.tgz",
      "integrity": "sha1-WDsap3WWHUsROsF9nFC6753Xa9E=",
      "dependencies": {
        "wrappy": "1"
      }
    },
    "node_modules/pino": {
      "version": "6.7.0",
      "resolved": "https://registry.npmjs.org/pino/-/pino-6.7.0.tgz",
      "integrity": "sha1-1dlrcAT+14gWtWlP2j6rArXKbSM=",
      "dev": true,
      "dependencies": {
        "fast-redact": "^3.0.0",
        "fast-safe-stringify": "^2.0.7",
        "flatstr": "^1.0.12",
        "pino-std-serializers": "^2.4.2",
        "quick-format-unescaped": "^4.0.1",
        "sonic-boom": "^1.0.2"
      },
      "bin": {
        "pino": "bin.js"
      }
    },
    "node_modules/pino-std-serializers": {
      "version": "2.5.0",
      "resolved": "https://registry.npmjs.org/pino-std-serializers/-/pino-std-serializers-2.5.0.tgz",
      "integrity": "sha1-QOrXgcZaDOfs2cHDP0CdMf5xIxU=",
      "dev": true
    },
    "node_modules/proxy-addr": {
      "version": "2.0.6",
      "resolved": "https://registry.npmjs.org/proxy-addr/-/proxy-addr-2.0.6.tgz",
      "integrity": "sha1-/cIzZQVEfT8vLGOO0nLK9hS7sr8=",
      "dev": true,
      "dependencies": {
        "forwarded": "~0.1.2",
        "ipaddr.js": "1.9.1"
      },
      "engines": {
        "node": ">= 0.10"
      }
    },
    "node_modules/punycode": {
      "version": "2.1.1",
      "resolved": "https://registry.npmjs.org/punycode/-/punycode-2.1.1.tgz",
      "integrity": "sha1-tYsBCsQMIsVldhbI0sLALHv0eew=",
      "dev": true,
      "engines": {
        "node": ">=6"
      }
    },
    "node_modules/queue-microtask": {
      "version": "1.2.2",
      "resolved": "https://registry.npmjs.org/queue-microtask/-/queue-microtask-1.2.2.tgz",
      "integrity": "sha1-q/ZEkebs8POKZQJAPUzaBPNy39M=",
      "dev": true
    },
    "node_modules/quick-format-unescaped": {
      "version": "4.0.1",
      "resolved": "https://registry.npmjs.org/quick-format-unescaped/-/quick-format-unescaped-4.0.1.tgz",
      "integrity": "sha1-Q3peoaC2Het2Bfirao/ThY2+twE=",
      "dev": true
    },
    "node_modules/readable-stream": {
      "version": "3.6.0",
      "resolved": "https://registry.npmjs.org/readable-stream/-/readable-stream-3.6.0.tgz",
      "integrity": "sha1-M3u9o63AcGvT4CRCaihtS0sskZg=",
      "dev": true,
      "dependencies": {
        "inherits": "^2.0.3",
        "string_decoder": "^1.1.1",
        "util-deprecate": "^1.0.1"
      },
      "engines": {
        "node": ">= 6"
      }
    },
    "node_modules/ret": {
      "version": "0.2.2",
      "resolved": "https://registry.npmjs.org/ret/-/ret-0.2.2.tgz",
      "integrity": "sha1-toYXgqH0di3OQ0Aqcet6KD9EVzw=",
      "dev": true,
      "engines": {
        "node": ">=4"
      }
    },
    "node_modules/reusify": {
      "version": "1.0.4",
      "resolved": "https://registry.npmjs.org/reusify/-/reusify-1.0.4.tgz",
      "integrity": "sha1-kNo4Kx4SbvwCFG6QhFqI2xKSXXY=",
      "dev": true,
      "engines": {
        "iojs": ">=1.0.0",
        "node": ">=0.10.0"
      }
    },
    "node_modules/rfdc": {
      "version": "1.1.4",
      "resolved": "https://registry.npmjs.org/rfdc/-/rfdc-1.1.4.tgz",
      "integrity": "sha1-unLME2egzNnPgahws7WL060H+MI=",
      "dev": true
    },
    "node_modules/safe-buffer": {
      "version": "5.2.1",
      "resolved": "https://registry.npmjs.org/safe-buffer/-/safe-buffer-5.2.1.tgz",
      "integrity": "sha1-Hq+fqb2x/dTsdfWPnNtOa3gn7sY=",
      "dev": true
    },
    "node_modules/safe-regex2": {
      "version": "2.0.0",
      "resolved": "https://registry.npmjs.org/safe-regex2/-/safe-regex2-2.0.0.tgz",
      "integrity": "sha1-sodSTDl8eimURwNn4BheGRax9bk=",
      "dev": true,
      "dependencies": {
        "ret": "~0.2.0"
      }
    },
    "node_modules/secure-json-parse": {
      "version": "2.1.0",
      "resolved": "https://registry.npmjs.org/secure-json-parse/-/secure-json-parse-2.1.0.tgz",
      "integrity": "sha1-rnb1YkJWtcSXr4hwkKXZ4VbJ+yA=",
      "dev": true
    },
    "node_modules/semver": {
      "version": "7.3.2",
      "resolved": "https://registry.npmjs.org/semver/-/semver-7.3.2.tgz",
      "integrity": "sha1-YElisFK4HtB4aq6EOJ/7pw/9OTg=",
      "dev": true,
      "bin": {
        "semver": "bin/semver.js"
      },
      "engines": {
        "node": ">=10"
      }
    },
    "node_modules/semver-store": {
      "version": "0.3.0",
      "resolved": "https://registry.npmjs.org/semver-store/-/semver-store-0.3.0.tgz",
      "integrity": "sha1-zmAv8H3zcIDsn0+0CylXZUe+++k=",
      "dev": true
    },
    "node_modules/set-cookie-parser": {
      "version": "2.4.6",
      "resolved": "https://registry.npmjs.org/set-cookie-parser/-/set-cookie-parser-2.4.6.tgz",
      "integrity": "sha1-Q73qAouebxdkdO5SmOdYtKRHmcM=",
      "dev": true
    },
    "node_modules/sonic-boom": {
      "version": "1.3.0",
      "resolved": "https://registry.npmjs.org/sonic-boom/-/sonic-boom-1.3.0.tgz",
      "integrity": "sha1-XHfIRs5sOV3d8uuOjmX5zFdvLnY=",
      "dev": true,
      "dependencies": {
        "atomic-sleep": "^1.0.0",
        "flatstr": "^1.0.12"
      }
    },
    "node_modules/stream-wormhole": {
      "version": "1.1.0",
      "resolved": "https://registry.npmjs.org/stream-wormhole/-/stream-wormhole-1.1.0.tgz",
      "integrity": "sha512-gHFfL3px0Kctd6Po0M8TzEvt3De/xu6cnRrjlfYNhwbhLPLwigI2t1nc6jrzNuaYg5C4YF78PPFuQPzRiqn9ew==",
      "engines": {
        "node": ">=4.0.0"
      }
    },
    "node_modules/streamsearch": {
      "version": "0.1.2",
      "resolved": "https://registry.npmjs.org/streamsearch/-/streamsearch-0.1.2.tgz",
      "integrity": "sha1-gIudDlb8Jz2Am6VzOOkpkZoanxo=",
      "engines": {
        "node": ">=0.8.0"
      }
    },
    "node_modules/string_decoder": {
      "version": "1.3.0",
      "resolved": "https://registry.npmjs.org/string_decoder/-/string_decoder-1.3.0.tgz",
      "integrity": "sha1-QvEUWUpGzxqOMLCoT1bHjD7awh4=",
      "dev": true,
      "dependencies": {
        "safe-buffer": "~5.2.0"
      }
    },
    "node_modules/string-similarity": {
      "version": "4.0.3",
      "resolved": "https://registry.npmjs.org/string-similarity/-/string-similarity-4.0.3.tgz",
      "integrity": "sha1-71LW/FnIoPyTtjB/u8CMxuGM3iE=",
      "dev": true
    },
    "node_modules/tiny-lru": {
      "version": "7.0.6",
      "resolved": "https://registry.npmjs.org/tiny-lru/-/tiny-lru-7.0.6.tgz",
      "integrity": "sha1-sMPN7eHliCqi0a4hyyzszyozHyQ=",
      "dev": true,
      "engines": {
        "node": ">=6"
      }
    },
    "node_modules/uri-js": {
      "version": "4.4.0",
      "resolved": "https://registry.npmjs.org/uri-js/-/uri-js-4.4.0.tgz",
      "integrity": "sha1-qnFCYd55PoqCNHp7zJznTobyhgI=",
      "dev": true,
      "dependencies": {
        "punycode": "^2.1.0"
      }
    },
    "node_modules/util-deprecate": {
      "version": "1.0.2",
      "resolved": "https://registry.npmjs.org/util-deprecate/-/util-deprecate-1.0.2.tgz",
      "integrity": "sha1-RQ1Nyfpw3nMnYvvS1KKJgUGaDM8=",
      "dev": true
    },
    "node_modules/wrappy": {
      "version": "1.0.2",
      "resolved": "https://registry.npmjs.org/wrappy/-/wrappy-1.0.2.tgz",
      "integrity": "sha1-tSQ9jz7BqjXxNkYFvA0QNuMKtp8="
    }
  },
  "dependencies": {
    "@types/graasp": {
      "version": "git+ssh://git@github.com/graasp/graasp-types.git#ff80e14c94c910935dc43f9e74d57757e656458b",
      "dev": true,
      "from": "@types/graasp@git://github.com/graasp/graasp-types.git#master"
    },
    "abstract-logging": {
      "version": "2.0.1",
      "resolved": "https://registry.npmjs.org/abstract-logging/-/abstract-logging-2.0.1.tgz",
      "integrity": "sha1-aww3HfIS23EptX0uf88oK4vxyDk=",
      "dev": true
    },
    "ajv": {
      "version": "6.12.6",
      "resolved": "https://registry.npmjs.org/ajv/-/ajv-6.12.6.tgz",
      "integrity": "sha1-uvWmLoArB9l3A0WG+MO69a3ybfQ=",
      "dev": true,
      "requires": {
        "fast-deep-equal": "^3.1.1",
        "fast-json-stable-stringify": "^2.0.0",
        "json-schema-traverse": "^0.4.1",
        "uri-js": "^4.2.2"
      }
    },
    "archy": {
      "version": "1.0.0",
      "resolved": "https://registry.npmjs.org/archy/-/archy-1.0.0.tgz",
      "integrity": "sha1-+cjBN1fMHde8N5rHeyxipcKGjEA=",
      "dev": true
    },
    "atomic-sleep": {
      "version": "1.0.0",
      "resolved": "https://registry.npmjs.org/atomic-sleep/-/atomic-sleep-1.0.0.tgz",
      "integrity": "sha1-64W3emAfyTLP5DLFrNNkqeLJB1s=",
      "dev": true
    },
    "avvio": {
      "version": "7.2.0",
      "resolved": "https://registry.npmjs.org/avvio/-/avvio-7.2.0.tgz",
      "integrity": "sha1-tL9Or0oCB6TmpYp4WSByUHk8yBs=",
      "dev": true,
      "requires": {
        "archy": "^1.0.0",
        "debug": "^4.0.0",
        "fastq": "^1.6.1",
        "queue-microtask": "^1.1.2"
      }
    },
    "busboy": {
      "version": "0.3.1",
      "resolved": "https://registry.npmjs.org/busboy/-/busboy-0.3.1.tgz",
      "integrity": "sha512-y7tTxhGKXcyBxRKAni+awqx8uqaJKrSFSNFSeRG5CsWNdmy2BIK+6VGWEW7TZnIO/533mtMEA4rOevQV815YJw==",
      "requires": {
        "dicer": "0.3.0"
      }
    },
    "cookie": {
      "version": "0.4.1",
      "resolved": "https://registry.npmjs.org/cookie/-/cookie-0.4.1.tgz",
      "integrity": "sha1-r9cT/ibr0hupXOth+agRblClN9E=",
      "dev": true
    },
    "debug": {
      "version": "4.3.1",
      "resolved": "https://registry.npmjs.org/debug/-/debug-4.3.1.tgz",
      "integrity": "sha1-8NIpxQXgxtjEmsVT0bE9wYP2su4=",
      "dev": true,
      "requires": {
        "ms": "2.1.2"
      }
    },
    "deepmerge": {
      "version": "4.2.2",
      "resolved": "https://registry.npmjs.org/deepmerge/-/deepmerge-4.2.2.tgz",
      "integrity": "sha1-RNLqNnm49NT/ujPwPYZfwee/SVU="
    },
    "dicer": {
      "version": "0.3.0",
      "resolved": "https://registry.npmjs.org/dicer/-/dicer-0.3.0.tgz",
      "integrity": "sha512-MdceRRWqltEG2dZqO769g27N/3PXfcKl04VhYnBlo2YhH7zPi88VebsjTKclaOyiuMaGU72hTfw3VkUitGcVCA==",
      "requires": {
        "streamsearch": "0.1.2"
      }
    },
    "end-of-stream": {
      "version": "1.4.4",
      "resolved": "https://registry.npmjs.org/end-of-stream/-/end-of-stream-1.4.4.tgz",
      "integrity": "sha512-+uw1inIHVPQoaVuHzRyXd21icM+cnt4CzD5rW+NC1wjOUSTOs+Te7FOv7AhN7vS9x/oIyhLP5PR1H+phQAHu5Q==",
      "requires": {
        "once": "^1.4.0"
      }
    },
    "fast-decode-uri-component": {
      "version": "1.0.1",
      "resolved": "https://registry.npmjs.org/fast-decode-uri-component/-/fast-decode-uri-component-1.0.1.tgz",
      "integrity": "sha1-Rvi2wisw/3qBNX1PWav66TggJUM=",
      "dev": true
    },
    "fast-deep-equal": {
      "version": "3.1.3",
      "resolved": "https://registry.npmjs.org/fast-deep-equal/-/fast-deep-equal-3.1.3.tgz",
      "integrity": "sha1-On1WtVnWy8PrUSMlJE5hmmXGxSU=",
      "dev": true
    },
    "fast-json-stable-stringify": {
      "version": "2.1.0",
      "resolved": "https://registry.npmjs.org/fast-json-stable-stringify/-/fast-json-stable-stringify-2.1.0.tgz",
      "integrity": "sha1-h0v2nG9ATCtdmcSBNBOZ/VWJJjM=",
      "dev": true
    },
    "fast-json-stringify": {
      "version": "2.2.10",
      "resolved": "https://registry.npmjs.org/fast-json-stringify/-/fast-json-stringify-2.2.10.tgz",
      "integrity": "sha1-upzpIKeuAK1m80cPE9VvvSKRmgI=",
      "dev": true,
      "requires": {
        "ajv": "^6.11.0",
        "deepmerge": "^4.2.2",
        "string-similarity": "^4.0.1"
      }
    },
    "fast-redact": {
      "version": "3.0.0",
      "resolved": "https://registry.npmjs.org/fast-redact/-/fast-redact-3.0.0.tgz",
      "integrity": "sha1-rC+eNsn0l29dufsYxv+68wjPMW0=",
      "dev": true
    },
    "fast-safe-stringify": {
      "version": "2.0.7",
      "resolved": "https://registry.npmjs.org/fast-safe-stringify/-/fast-safe-stringify-2.0.7.tgz",
      "integrity": "sha1-EkqohYmSYfaK7bQqfAgN6dpgh0M=",
      "dev": true
    },
    "fastify": {
      "version": "3.8.0",
      "resolved": "https://registry.npmjs.org/fastify/-/fastify-3.8.0.tgz",
      "integrity": "sha1-RVv6cDlDIiRwUMMw0OUlMrNJZi0=",
      "dev": true,
      "requires": {
        "abstract-logging": "^2.0.0",
        "ajv": "^6.12.2",
        "avvio": "^7.1.2",
        "fast-json-stringify": "^2.2.1",
        "fastify-error": "^0.2.0",
        "fastify-warning": "^0.2.0",
        "find-my-way": "^3.0.5",
        "flatstr": "^1.0.12",
        "light-my-request": "^4.2.0",
        "pino": "^6.2.1",
        "proxy-addr": "^2.0.5",
        "readable-stream": "^3.4.0",
        "rfdc": "^1.1.4",
        "secure-json-parse": "^2.0.0",
        "semver": "^7.3.2",
        "tiny-lru": "^7.0.0"
      }
    },
    "fastify-error": {
      "version": "0.2.0",
      "resolved": "https://registry.npmjs.org/fastify-error/-/fastify-error-0.2.0.tgz",
      "integrity": "sha1-mhwo1PQrYlnnpUlnHI5eLYVmBjQ=",
      "dev": true
    },
    "fastify-multipart": {
      "version": "4.0.0",
      "resolved": "https://registry.npmjs.org/fastify-multipart/-/fastify-multipart-4.0.0.tgz",
      "integrity": "sha512-i2GFbKWjLCaQxpMZHweslF6ma8VTwgdmii87VexYi0Fxass0CPFKIs+z7wp0zVIdTMv0F5EFNQnimyzXcPcHcg==",
      "requires": {
        "busboy": "^0.3.1",
        "deepmerge": "^4.2.2",
        "end-of-stream": "^1.4.4",
        "fastify-error": "^0.3.0",
        "fastify-plugin": "^3.0.0",
        "hexoid": "^1.0.0",
        "stream-wormhole": "^1.1.0"
      },
      "dependencies": {
        "fastify-error": {
          "version": "0.3.0",
          "resolved": "https://registry.npmjs.org/fastify-error/-/fastify-error-0.3.0.tgz",
          "integrity": "sha512-Jm2LMTB5rsJqlS1+cmgqqM9tTs0UrlgYR7TvDT3ZgXsUI5ib1NjQlqZHf+tDK5tVPdFGwyq02wAoJtyYIRSiFA=="
        }
      }
    },
    "fastify-plugin": {
      "version": "3.0.0",
      "resolved": "https://registry.npmjs.org/fastify-plugin/-/fastify-plugin-3.0.0.tgz",
      "integrity": "sha512-ZdCvKEEd92DNLps5n0v231Bha8bkz1DjnPP/aEz37rz/q42Z5JVLmgnqR4DYuNn3NXAO3IDCPyRvgvxtJ4Ym4w=="
    },
    "fastify-warning": {
      "version": "0.2.0",
      "resolved": "https://registry.npmjs.org/fastify-warning/-/fastify-warning-0.2.0.tgz",
      "integrity": "sha1-5xd3YCakST3Jor76RNttF/YYAI8=",
      "dev": true
    },
    "fastq": {
      "version": "1.9.0",
      "resolved": "https://registry.npmjs.org/fastq/-/fastq-1.9.0.tgz",
      "integrity": "sha1-4Wpy8zjqykjpG1wjWTvMLvZreUc=",
      "dev": true,
      "requires": {
        "reusify": "^1.0.4"
      }
    },
    "find-my-way": {
      "version": "3.0.5",
      "resolved": "https://registry.npmjs.org/find-my-way/-/find-my-way-3.0.5.tgz",
      "integrity": "sha1-9xxe8bSGVAHhuXukKBIaj1VDnuw=",
      "dev": true,
      "requires": {
        "fast-decode-uri-component": "^1.0.1",
        "safe-regex2": "^2.0.0",
        "semver-store": "^0.3.0"
      }
    },
    "flatstr": {
      "version": "1.0.12",
      "resolved": "https://registry.npmjs.org/flatstr/-/flatstr-1.0.12.tgz",
      "integrity": "sha1-wrpqCBc+27bJZA4wVbleKHzrWTE=",
      "dev": true
    },
    "forwarded": {
      "version": "0.1.2",
      "resolved": "https://registry.npmjs.org/forwarded/-/forwarded-0.1.2.tgz",
      "integrity": "sha1-mMI9qxF1ZXuMBXPozszZGw/xjIQ=",
      "dev": true
    },
    "hexoid": {
      "version": "1.0.0",
      "resolved": "https://registry.npmjs.org/hexoid/-/hexoid-1.0.0.tgz",
      "integrity": "sha512-QFLV0taWQOZtvIRIAdBChesmogZrtuXvVWsFHZTk2SU+anspqZ2vMnoLg7IE1+Uk16N19APic1BuF8bC8c2m5g=="
    },
    "inherits": {
      "version": "2.0.4",
      "resolved": "https://registry.npmjs.org/inherits/-/inherits-2.0.4.tgz",
      "integrity": "sha1-D6LGT5MpF8NDOg3tVTY6rjdBa3w=",
      "dev": true
    },
    "ipaddr.js": {
      "version": "1.9.1",
      "resolved": "https://registry.npmjs.org/ipaddr.js/-/ipaddr.js-1.9.1.tgz",
      "integrity": "sha1-v/OFQ+64mEglB5/zoqjmy9RngbM=",
      "dev": true
    },
    "json-schema-traverse": {
      "version": "0.4.1",
      "resolved": "https://registry.npmjs.org/json-schema-traverse/-/json-schema-traverse-0.4.1.tgz",
      "integrity": "sha1-afaofZUTq4u4/mO9sJecRI5oRmA=",
      "dev": true
    },
    "light-my-request": {
      "version": "4.3.0",
      "resolved": "https://registry.npmjs.org/light-my-request/-/light-my-request-4.3.0.tgz",
      "integrity": "sha1-AXjf5/KYCJ35dvjkzA4QmYvlCq0=",
      "dev": true,
      "requires": {
        "ajv": "^6.12.2",
        "cookie": "^0.4.0",
        "fastify-warning": "^0.2.0",
        "readable-stream": "^3.6.0",
        "set-cookie-parser": "^2.4.1"
      }
    },
    "ms": {
      "version": "2.1.2",
      "resolved": "https://registry.npmjs.org/ms/-/ms-2.1.2.tgz",
      "integrity": "sha1-0J0fNXtEP0kzgqjrPM0YOHKuYAk=",
      "dev": true
    },
    "once": {
      "version": "1.4.0",
      "resolved": "https://registry.npmjs.org/once/-/once-1.4.0.tgz",
      "integrity": "sha1-WDsap3WWHUsROsF9nFC6753Xa9E=",
      "requires": {
        "wrappy": "1"
      }
    },
    "pino": {
      "version": "6.7.0",
      "resolved": "https://registry.npmjs.org/pino/-/pino-6.7.0.tgz",
      "integrity": "sha1-1dlrcAT+14gWtWlP2j6rArXKbSM=",
      "dev": true,
      "requires": {
        "fast-redact": "^3.0.0",
        "fast-safe-stringify": "^2.0.7",
        "flatstr": "^1.0.12",
        "pino-std-serializers": "^2.4.2",
        "quick-format-unescaped": "^4.0.1",
        "sonic-boom": "^1.0.2"
      }
    },
    "pino-std-serializers": {
      "version": "2.5.0",
      "resolved": "https://registry.npmjs.org/pino-std-serializers/-/pino-std-serializers-2.5.0.tgz",
      "integrity": "sha1-QOrXgcZaDOfs2cHDP0CdMf5xIxU=",
      "dev": true
    },
    "proxy-addr": {
      "version": "2.0.6",
      "resolved": "https://registry.npmjs.org/proxy-addr/-/proxy-addr-2.0.6.tgz",
      "integrity": "sha1-/cIzZQVEfT8vLGOO0nLK9hS7sr8=",
      "dev": true,
      "requires": {
        "forwarded": "~0.1.2",
        "ipaddr.js": "1.9.1"
      }
    },
    "punycode": {
      "version": "2.1.1",
      "resolved": "https://registry.npmjs.org/punycode/-/punycode-2.1.1.tgz",
      "integrity": "sha1-tYsBCsQMIsVldhbI0sLALHv0eew=",
      "dev": true
    },
    "queue-microtask": {
      "version": "1.2.2",
      "resolved": "https://registry.npmjs.org/queue-microtask/-/queue-microtask-1.2.2.tgz",
      "integrity": "sha1-q/ZEkebs8POKZQJAPUzaBPNy39M=",
      "dev": true
    },
    "quick-format-unescaped": {
      "version": "4.0.1",
      "resolved": "https://registry.npmjs.org/quick-format-unescaped/-/quick-format-unescaped-4.0.1.tgz",
      "integrity": "sha1-Q3peoaC2Het2Bfirao/ThY2+twE=",
      "dev": true
    },
    "readable-stream": {
      "version": "3.6.0",
      "resolved": "https://registry.npmjs.org/readable-stream/-/readable-stream-3.6.0.tgz",
      "integrity": "sha1-M3u9o63AcGvT4CRCaihtS0sskZg=",
      "dev": true,
      "requires": {
        "inherits": "^2.0.3",
        "string_decoder": "^1.1.1",
        "util-deprecate": "^1.0.1"
      }
    },
    "ret": {
      "version": "0.2.2",
      "resolved": "https://registry.npmjs.org/ret/-/ret-0.2.2.tgz",
      "integrity": "sha1-toYXgqH0di3OQ0Aqcet6KD9EVzw=",
      "dev": true
    },
    "reusify": {
      "version": "1.0.4",
      "resolved": "https://registry.npmjs.org/reusify/-/reusify-1.0.4.tgz",
      "integrity": "sha1-kNo4Kx4SbvwCFG6QhFqI2xKSXXY=",
      "dev": true
    },
    "rfdc": {
      "version": "1.1.4",
      "resolved": "https://registry.npmjs.org/rfdc/-/rfdc-1.1.4.tgz",
      "integrity": "sha1-unLME2egzNnPgahws7WL060H+MI=",
      "dev": true
    },
    "safe-buffer": {
      "version": "5.2.1",
      "resolved": "https://registry.npmjs.org/safe-buffer/-/safe-buffer-5.2.1.tgz",
      "integrity": "sha1-Hq+fqb2x/dTsdfWPnNtOa3gn7sY=",
      "dev": true
    },
    "safe-regex2": {
      "version": "2.0.0",
      "resolved": "https://registry.npmjs.org/safe-regex2/-/safe-regex2-2.0.0.tgz",
      "integrity": "sha1-sodSTDl8eimURwNn4BheGRax9bk=",
      "dev": true,
      "requires": {
        "ret": "~0.2.0"
      }
    },
    "secure-json-parse": {
      "version": "2.1.0",
      "resolved": "https://registry.npmjs.org/secure-json-parse/-/secure-json-parse-2.1.0.tgz",
      "integrity": "sha1-rnb1YkJWtcSXr4hwkKXZ4VbJ+yA=",
      "dev": true
    },
    "semver": {
      "version": "7.3.2",
      "resolved": "https://registry.npmjs.org/semver/-/semver-7.3.2.tgz",
      "integrity": "sha1-YElisFK4HtB4aq6EOJ/7pw/9OTg=",
      "dev": true
    },
    "semver-store": {
      "version": "0.3.0",
      "resolved": "https://registry.npmjs.org/semver-store/-/semver-store-0.3.0.tgz",
      "integrity": "sha1-zmAv8H3zcIDsn0+0CylXZUe+++k=",
      "dev": true
    },
    "set-cookie-parser": {
      "version": "2.4.6",
      "resolved": "https://registry.npmjs.org/set-cookie-parser/-/set-cookie-parser-2.4.6.tgz",
      "integrity": "sha1-Q73qAouebxdkdO5SmOdYtKRHmcM=",
      "dev": true
    },
    "sonic-boom": {
      "version": "1.3.0",
      "resolved": "https://registry.npmjs.org/sonic-boom/-/sonic-boom-1.3.0.tgz",
      "integrity": "sha1-XHfIRs5sOV3d8uuOjmX5zFdvLnY=",
      "dev": true,
      "requires": {
        "atomic-sleep": "^1.0.0",
        "flatstr": "^1.0.12"
      }
    },
    "stream-wormhole": {
      "version": "1.1.0",
      "resolved": "https://registry.npmjs.org/stream-wormhole/-/stream-wormhole-1.1.0.tgz",
      "integrity": "sha512-gHFfL3px0Kctd6Po0M8TzEvt3De/xu6cnRrjlfYNhwbhLPLwigI2t1nc6jrzNuaYg5C4YF78PPFuQPzRiqn9ew=="
    },
    "streamsearch": {
      "version": "0.1.2",
      "resolved": "https://registry.npmjs.org/streamsearch/-/streamsearch-0.1.2.tgz",
      "integrity": "sha1-gIudDlb8Jz2Am6VzOOkpkZoanxo="
    },
    "string_decoder": {
      "version": "1.3.0",
      "resolved": "https://registry.npmjs.org/string_decoder/-/string_decoder-1.3.0.tgz",
      "integrity": "sha1-QvEUWUpGzxqOMLCoT1bHjD7awh4=",
      "dev": true,
      "requires": {
        "safe-buffer": "~5.2.0"
      }
    },
    "string-similarity": {
      "version": "4.0.3",
      "resolved": "https://registry.npmjs.org/string-similarity/-/string-similarity-4.0.3.tgz",
      "integrity": "sha1-71LW/FnIoPyTtjB/u8CMxuGM3iE=",
      "dev": true
    },
    "tiny-lru": {
      "version": "7.0.6",
      "resolved": "https://registry.npmjs.org/tiny-lru/-/tiny-lru-7.0.6.tgz",
      "integrity": "sha1-sMPN7eHliCqi0a4hyyzszyozHyQ=",
      "dev": true
    },
    "uri-js": {
      "version": "4.4.0",
      "resolved": "https://registry.npmjs.org/uri-js/-/uri-js-4.4.0.tgz",
      "integrity": "sha1-qnFCYd55PoqCNHp7zJznTobyhgI=",
      "dev": true,
      "requires": {
        "punycode": "^2.1.0"
      }
    },
    "util-deprecate": {
      "version": "1.0.2",
      "resolved": "https://registry.npmjs.org/util-deprecate/-/util-deprecate-1.0.2.tgz",
      "integrity": "sha1-RQ1Nyfpw3nMnYvvS1KKJgUGaDM8=",
      "dev": true
    },
    "wrappy": {
      "version": "1.0.2",
      "resolved": "https://registry.npmjs.org/wrappy/-/wrappy-1.0.2.tgz",
      "integrity": "sha1-tSQ9jz7BqjXxNkYFvA0QNuMKtp8="
    }
  }
}
